{
  "name": "personalwebsite",
  "version": "1.0.0",
  "lockfileVersion": 3,
  "requires": true,
  "packages": {
    "": {
      "name": "personalwebsite",
      "version": "1.0.0",
      "license": "ISC",
      "dependencies": {
        "@fontsource/dm-sans": "^5.2.8",
        "@fontsource/syne": "^5.2.7",
        "gsap": "^3.14.2",
        "remixicon": "^4.9.1"
      }
    },
    "node_modules/@fontsource/dm-sans": {
      "version": "5.2.8",
      "resolved": "https://registry.npmjs.org/@fontsource/dm-sans/-/dm-sans-5.2.8.tgz",
      "integrity": "sha512-tlovG42m9ESG28WiHpLq3F5umAlm64rv0RkqTbYowRn70e9OlRr5a3yTJhrhrY+k5lftR/OFJjPzOLQzk8EfCA==",
      "funding": {
        "url": "https://github.com/sponsors/ayuhito"
      }
    },
    "node_modules/@fontsource/syne": {
      "version": "5.2.7",
      "resolved": "https://registry.npmjs.org/@fontsource/syne/-/syne-5.2.7.tgz",
      "integrity": "sha512-OgWgLPSbieiSfdFXgMs0l/rspIFzVoDZxw8wKj15n39epRqO5+Uv36c0MXNDcw2GuK/TIBgpC9G8VAgs+bVm7A==",
      "funding": {
        "url": "https://github.com/sponsors/ayuhito"
      }
    },
    "node_modules/gsap": {
      "version": "3.14.2",
      "resolved": "https://registry.npmjs.org/gsap/-/gsap-3.14.2.tgz",
      "integrity": "sha512-P8/mMxVLU7o4+55+1TCnQrPmgjPKnwkzkXOK1asnR9Jg2lna4tEY5qBJjMmAaOBDDZWtlRjBXjLa0w53G/uBLA=="
    },
    "node_modules/remixicon": {
      "version": "4.9.1",
      "resolved": "https://registry.npmjs.org/remixicon/-/remixicon-4.9.1.tgz",
      "integrity": "sha512-36gLSoujkabnCFZFDyP17VNh9piuBA/rsXUb4auSJWLGsHVXtmxLj/EM5FjaEAGnk8oIAj1Azob/DZ2N+90lAQ=="
    }
  }
}
